
Microsoft Visual Studio Solution File, Format Version 12.00
# Visual Studio Version 16
VisualStudioVersion = 16.0.29519.181
MinimumVisualStudioVersion = 10.0.40219.1
Project("{FAE04EC0-301F-11D3-BF4B-00C04F79EFBC}") = "ExtendsApi", "ExtendsApi\ExtendsApi.csproj", "{682D8AAB-158D-4A69-9057-8983A937C7C9}"
EndProject
Global
	GlobalSection(SolutionConfigurationPlatforms) = preSolution
		Debug|Any CPU = Debug|Any CPU
		Release|Any CPU = Release|Any CPU
	EndGlobalSection
	GlobalSection(ProjectConfigurationPlatforms) = postSolution
		{682D8AAB-158D-4A69-9057-8983A937C7C9}.Debug|Any CPU.ActiveCfg = Debug|Any CPU
		{682D8AAB-158D-4A69-9057-8983A937C7C9}.Debug|Any CPU.Build.0 = Debug|Any CPU
		{682D8AAB-158D-4A69-9057-8983A937C7C9}.Release|Any CPU.ActiveCfg = Release|Any CPU
		{682D8AAB-158D-4A69-9057-8983A937C7C9}.Release|Any CPU.Build.0 = Release|Any CPU
	EndGlobalSection
	GlobalSection(SolutionProperties) = preSolution
		HideSolutionNode = FALSE
	EndGlobalSection
	GlobalSection(ExtensibilityGlobals) = postSolution
		SolutionGuid = {10824222-4BE4-4518-A594-B5BDD2F33DC0}
	EndGlobalSection
EndGlobal
